
Microsoft Visual Studio Solution File, Format Version 12.00
# Visual Studio Version 17
VisualStudioVersion = 17.5.002.0
MinimumVisualStudioVersion = 10.0.40219.1
Project("{2150E333-8FDC-42A3-9474-1A3956D46DE8}") = "src", "src", "{57D99CB6-24EF-45C0-B8B0-ABF574AD6F0A}"
EndProject
Project("{9A19103F-16F7-4668-BE54-9A1E7A4F7556}") = "HealthChecks.Publisher.Telegram", "src\HealthChecks.Publisher.Telegram\HealthChecks.Publisher.Telegram.csproj", "{4B92D697-B9FF-4F8E-904F-26426A9100F1}"
EndProject
Global
	GlobalSection(SolutionConfigurationPlatforms) = preSolution
		Debug|Any CPU = Debug|Any CPU
		Release|Any CPU = Release|Any CPU
	EndGlobalSection
	GlobalSection(ProjectConfigurationPlatforms) = postSolution
		{4B92D697-B9FF-4F8E-904F-26426A9100F1}.Debug|Any CPU.ActiveCfg = Debug|Any CPU
		{4B92D697-B9FF-4F8E-904F-26426A9100F1}.Debug|Any CPU.Build.0 = Debug|Any CPU
		{4B92D697-B9FF-4F8E-904F-26426A9100F1}.Release|Any CPU.ActiveCfg = Release|Any CPU
		{4B92D697-B9FF-4F8E-904F-26426A9100F1}.Release|Any CPU.Build.0 = Release|Any CPU
	EndGlobalSection
	GlobalSection(SolutionProperties) = preSolution
		HideSolutionNode = FALSE
	EndGlobalSection
	GlobalSection(NestedProjects) = preSolution
		{4B92D697-B9FF-4F8E-904F-26426A9100F1} = {57D99CB6-24EF-45C0-B8B0-ABF574AD6F0A}
	EndGlobalSection
	GlobalSection(ExtensibilityGlobals) = postSolution
		SolutionGuid = {87153D68-24F1-4CE7-BA70-0AA66867DD2F}
	EndGlobalSection
EndGlobal
